
Microsoft Visual Studio Solution File, Format Version 12.00
# Visual Studio Version 17
VisualStudioVersion = 17.11.35219.272
MinimumVisualStudioVersion = 10.0.40219.1
Project("{FAE04EC0-301F-11D3-BF4B-00C04F79EFBC}") = "fst", "fst.csproj", "{A767541B-C6EF-49AE-A5CA-751E1172C2FE}"
EndProject
Global
	GlobalSection(SolutionConfigurationPlatforms) = preSolution
		Debug|Any CPU = Debug|Any CPU
		Release|Any CPU = Release|Any CPU
	EndGlobalSection
	GlobalSection(ProjectConfigurationPlatforms) = postSolution
		{A767541B-C6EF-49AE-A5CA-751E1172C2FE}.Debug|Any CPU.ActiveCfg = Debug|Any CPU
		{A767541B-C6EF-49AE-A5CA-751E1172C2FE}.Debug|Any CPU.Build.0 = Debug|Any CPU
		{A767541B-C6EF-49AE-A5CA-751E1172C2FE}.Release|Any CPU.ActiveCfg = Release|Any CPU
		{A767541B-C6EF-49AE-A5CA-751E1172C2FE}.Release|Any CPU.Build.0 = Release|Any CPU
	EndGlobalSection
	GlobalSection(SolutionProperties) = preSolution
		HideSolutionNode = FALSE
	EndGlobalSection
	GlobalSection(ExtensibilityGlobals) = postSolution
		SolutionGuid = {BCFA6D31-747A-4E71-8690-B7398CAA5E75}
	EndGlobalSection
EndGlobal
